
Microsoft Visual Studio Solution File, Format Version 12.00
# Visual Studio Version 17
VisualStudioVersion = 17.2.32630.192
MinimumVisualStudioVersion = 10.0.40219.1
Project("{9A19103F-16F7-4668-BE54-9A1E7A4F7556}") = "R5T.T0161", "R5T.T0161\R5T.T0161.csproj", "{8CD71366-118D-4B18-B203-657A412D3F29}"
EndProject
Project("{2150E333-8FDC-42A3-9474-1A3956D46DE8}") = "_Dependencies", "_Dependencies", "{4221A15D-A78B-46C1-A44D-E066EA66440C}"
EndProject
Project("{9A19103F-16F7-4668-BE54-9A1E7A4F7556}") = "R5T.T0143", "..\..\R5T.T0143\source\R5T.T0143\R5T.T0143.csproj", "{16E02086-5776-47CF-B552-4261BA848936}"
EndProject
Project("{9A19103F-16F7-4668-BE54-9A1E7A4F7556}") = "R5T.T0150", "..\..\R5T.T0150\source\R5T.T0150\R5T.T0150.csproj", "{5FF1F29D-98E7-441E-B4A9-6BC88886ADCD}"
EndProject
Project("{9A19103F-16F7-4668-BE54-9A1E7A4F7556}") = "R5T.T0151", "..\..\R5T.T0151\source\R5T.T0151\R5T.T0151.csproj", "{761B21D5-5E25-4101-9528-C4F17A35A5AA}"
EndProject
Project("{9A19103F-16F7-4668-BE54-9A1E7A4F7556}") = "R5T.T0132", "..\..\R5T.T0132\source\R5T.T0132\R5T.T0132.csproj", "{D9E469E6-90D5-44E4-8E44-D9F5CB6BA76E}"
EndProject
Project("{9A19103F-16F7-4668-BE54-9A1E7A4F7556}") = "R5T.T0161.Z001", "R5T.T0161.Z001\R5T.T0161.Z001.csproj", "{4DA52274-53A6-4AFA-B043-03A2C2B934E4}"
EndProject
Project("{9A19103F-16F7-4668-BE54-9A1E7A4F7556}") = "R5T.F0000", "..\..\R5T.F0000\source\R5T.F0000\R5T.F0000.csproj", "{E1DABCEE-119B-4378-A1A9-AC7404240F5D}"
EndProject
Project("{9A19103F-16F7-4668-BE54-9A1E7A4F7556}") = "R5T.T0131", "..\..\R5T.T0131\source\R5T.T0131\R5T.T0131.csproj", "{DD30F92B-98C3-44F1-95F8-E7293B52358C}"
EndProject
Project("{9A19103F-16F7-4668-BE54-9A1E7A4F7556}") = "R5T.T0142", "..\..\R5T.T0142\source\R5T.T0142\R5T.T0142.csproj", "{B98264A6-E1BD-4E0D-8B09-C9BCC47CF4AB}"
EndProject
Project("{9A19103F-16F7-4668-BE54-9A1E7A4F7556}") = "R5T.T0156", "..\..\R5T.T0156\source\R5T.T0156\R5T.T0156.csproj", "{CB1DF0D9-8D12-4C95-95E1-C4DC36A31CDB}"
EndProject
Project("{9A19103F-16F7-4668-BE54-9A1E7A4F7556}") = "R5T.Y0000", "..\..\R5T.Y0000\source\R5T.Y0000\R5T.Y0000.csproj", "{2756ACD3-14DF-47C2-A118-578C41CDF13C}"
EndProject
Project("{9A19103F-16F7-4668-BE54-9A1E7A4F7556}") = "R5T.Z0000", "..\..\R5T.Z0000\source\R5T.Z0000\R5T.Z0000.csproj", "{484366C6-2537-40B1-8D56-05EE5191F226}"
EndProject
Global
	GlobalSection(NestedProjects) = preSolution
		{16E02086-5776-47CF-B552-4261BA848936} = {4221A15D-A78B-46C1-A44D-E066EA66440C}
		{5FF1F29D-98E7-441E-B4A9-6BC88886ADCD} = {4221A15D-A78B-46C1-A44D-E066EA66440C}
		{761B21D5-5E25-4101-9528-C4F17A35A5AA} = {4221A15D-A78B-46C1-A44D-E066EA66440C}
		{D9E469E6-90D5-44E4-8E44-D9F5CB6BA76E} = {4221A15D-A78B-46C1-A44D-E066EA66440C}
		{E1DABCEE-119B-4378-A1A9-AC7404240F5D} = {4221A15D-A78B-46C1-A44D-E066EA66440C}
		{DD30F92B-98C3-44F1-95F8-E7293B52358C} = {4221A15D-A78B-46C1-A44D-E066EA66440C}
		{B98264A6-E1BD-4E0D-8B09-C9BCC47CF4AB} = {4221A15D-A78B-46C1-A44D-E066EA66440C}
		{CB1DF0D9-8D12-4C95-95E1-C4DC36A31CDB} = {4221A15D-A78B-46C1-A44D-E066EA66440C}
		{2756ACD3-14DF-47C2-A118-578C41CDF13C} = {4221A15D-A78B-46C1-A44D-E066EA66440C}
		{484366C6-2537-40B1-8D56-05EE5191F226} = {4221A15D-A78B-46C1-A44D-E066EA66440C}
	EndGlobalSection
	GlobalSection(SolutionConfigurationPlatforms) = preSolution
		Debug|Any CPU = Debug|Any CPU
		Release|Any CPU = Release|Any CPU
	EndGlobalSection
	GlobalSection(ProjectConfigurationPlatforms) = postSolution
		{8CD71366-118D-4B18-B203-657A412D3F29}.Debug|Any CPU.ActiveCfg = Debug|Any CPU
		{8CD71366-118D-4B18-B203-657A412D3F29}.Debug|Any CPU.Build.0 = Debug|Any CPU
		{8CD71366-118D-4B18-B203-657A412D3F29}.Release|Any CPU.ActiveCfg = Release|Any CPU
		{8CD71366-118D-4B18-B203-657A412D3F29}.Release|Any CPU.Build.0 = Release|Any CPU
		{16E02086-5776-47CF-B552-4261BA848936}.Debug|Any CPU.ActiveCfg = Debug|Any CPU
		{16E02086-5776-47CF-B552-4261BA848936}.Debug|Any CPU.Build.0 = Debug|Any CPU
		{16E02086-5776-47CF-B552-4261BA848936}.Release|Any CPU.ActiveCfg = Release|Any CPU
		{16E02086-5776-47CF-B552-4261BA848936}.Release|Any CPU.Build.0 = Release|Any CPU
		{5FF1F29D-98E7-441E-B4A9-6BC88886ADCD}.Debug|Any CPU.ActiveCfg = Debug|Any CPU
		{5FF1F29D-98E7-441E-B4A9-6BC88886ADCD}.Debug|Any CPU.Build.0 = Debug|Any CPU
		{5FF1F29D-98E7-441E-B4A9-6BC88886ADCD}.Release|Any CPU.ActiveCfg = Release|Any CPU
		{5FF1F29D-98E7-441E-B4A9-6BC88886ADCD}.Release|Any CPU.Build.0 = Release|Any CPU
		{761B21D5-5E25-4101-9528-C4F17A35A5AA}.Debug|Any CPU.ActiveCfg = Debug|Any CPU
		{761B21D5-5E25-4101-9528-C4F17A35A5AA}.Debug|Any CPU.Build.0 = Debug|Any CPU
		{761B21D5-5E25-4101-9528-C4F17A35A5AA}.Release|Any CPU.ActiveCfg = Release|Any CPU
		{761B21D5-5E25-4101-9528-C4F17A35A5AA}.Release|Any CPU.Build.0 = Release|Any CPU
		{D9E469E6-90D5-44E4-8E44-D9F5CB6BA76E}.Debug|Any CPU.ActiveCfg = Debug|Any CPU
		{D9E469E6-90D5-44E4-8E44-D9F5CB6BA76E}.Debug|Any CPU.Build.0 = Debug|Any CPU
		{D9E469E6-90D5-44E4-8E44-D9F5CB6BA76E}.Release|Any CPU.ActiveCfg = Release|Any CPU
		{D9E469E6-90D5-44E4-8E44-D9F5CB6BA76E}.Release|Any CPU.Build.0 = Release|Any CPU
		{4DA52274-53A6-4AFA-B043-03A2C2B934E4}.Debug|Any CPU.ActiveCfg = Debug|Any CPU
		{4DA52274-53A6-4AFA-B043-03A2C2B934E4}.Debug|Any CPU.Build.0 = Debug|Any CPU
		{4DA52274-53A6-4AFA-B043-03A2C2B934E4}.Release|Any CPU.ActiveCfg = Release|Any CPU
		{4DA52274-53A6-4AFA-B043-03A2C2B934E4}.Release|Any CPU.Build.0 = Release|Any CPU
		{E1DABCEE-119B-4378-A1A9-AC7404240F5D}.Debug|Any CPU.ActiveCfg = Debug|Any CPU
		{E1DABCEE-119B-4378-A1A9-AC7404240F5D}.Debug|Any CPU.Build.0 = Debug|Any CPU
		{E1DABCEE-119B-4378-A1A9-AC7404240F5D}.Release|Any CPU.ActiveCfg = Release|Any CPU
		{E1DABCEE-119B-4378-A1A9-AC7404240F5D}.Release|Any CPU.Build.0 = Release|Any CPU
		{DD30F92B-98C3-44F1-95F8-E7293B52358C}.Debug|Any CPU.ActiveCfg = Debug|Any CPU
		{DD30F92B-98C3-44F1-95F8-E7293B52358C}.Debug|Any CPU.Build.0 = Debug|Any CPU
		{DD30F92B-98C3-44F1-95F8-E7293B52358C}.Release|Any CPU.ActiveCfg = Release|Any CPU
		{DD30F92B-98C3-44F1-95F8-E7293B52358C}.Release|Any CPU.Build.0 = Release|Any CPU
		{B98264A6-E1BD-4E0D-8B09-C9BCC47CF4AB}.Debug|Any CPU.ActiveCfg = Debug|Any CPU
		{B98264A6-E1BD-4E0D-8B09-C9BCC47CF4AB}.Debug|Any CPU.Build.0 = Debug|Any CPU
		{B98264A6-E1BD-4E0D-8B09-C9BCC47CF4AB}.Release|Any CPU.ActiveCfg = Release|Any CPU
		{B98264A6-E1BD-4E0D-8B09-C9BCC47CF4AB}.Release|Any CPU.Build.0 = Release|Any CPU
		{CB1DF0D9-8D12-4C95-95E1-C4DC36A31CDB}.Debug|Any CPU.ActiveCfg = Debug|Any CPU
		{CB1DF0D9-8D12-4C95-95E1-C4DC36A31CDB}.Debug|Any CPU.Build.0 = Debug|Any CPU
		{CB1DF0D9-8D12-4C95-95E1-C4DC36A31CDB}.Release|Any CPU.ActiveCfg = Release|Any CPU
		{CB1DF0D9-8D12-4C95-95E1-C4DC36A31CDB}.Release|Any CPU.Build.0 = Release|Any CPU
		{2756ACD3-14DF-47C2-A118-578C41CDF13C}.Debug|Any CPU.ActiveCfg = Debug|Any CPU
		{2756ACD3-14DF-47C2-A118-578C41CDF13C}.Debug|Any CPU.Build.0 = Debug|Any CPU
		{2756ACD3-14DF-47C2-A118-578C41CDF13C}.Release|Any CPU.ActiveCfg = Release|Any CPU
		{2756ACD3-14DF-47C2-A118-578C41CDF13C}.Release|Any CPU.Build.0 = Release|Any CPU
		{484366C6-2537-40B1-8D56-05EE5191F226}.Debug|Any CPU.ActiveCfg = Debug|Any CPU
		{484366C6-2537-40B1-8D56-05EE5191F226}.Debug|Any CPU.Build.0 = Debug|Any CPU
		{484366C6-2537-40B1-8D56-05EE5191F226}.Release|Any CPU.ActiveCfg = Release|Any CPU
		{484366C6-2537-40B1-8D56-05EE5191F226}.Release|Any CPU.Build.0 = Release|Any CPU
	EndGlobalSection
	GlobalSection(SolutionProperties) = preSolution
		HideSolutionNode = FALSE
	EndGlobalSection
	GlobalSection(ExtensibilityGlobals) = postSolution
		SolutionGuid = {97B6C462-4C43-4218-8EDB-EE86B5B1E89D}
	EndGlobalSection
EndGlobal
