
Microsoft Visual Studio Solution File, Format Version 12.00
# Visual Studio Version 17
VisualStudioVersion = 17.2.32630.192
MinimumVisualStudioVersion = 10.0.40219.1
Project("{9A19103F-16F7-4668-BE54-9A1E7A4F7556}") = "R5T.T0161", "R5T.T0161\R5T.T0161.csproj", "{8CD71366-118D-4B18-B203-657A412D3F29}"
EndProject
Project("{2150E333-8FDC-42A3-9474-1A3956D46DE8}") = "_Dependencies", "_Dependencies", "{4221A15D-A78B-46C1-A44D-E066EA66440C}"
EndProject
Project("{9A19103F-16F7-4668-BE54-9A1E7A4F7556}") = "R5T.T0143", "..\..\R5T.T0143\source\R5T.T0143\R5T.T0143.csproj", "{16E02086-5776-47CF-B552-4261BA848936}"
EndProject
Project("{9A19103F-16F7-4668-BE54-9A1E7A4F7556}") = "R5T.T0150", "..\..\R5T.T0150\source\R5T.T0150\R5T.T0150.csproj", "{5FF1F29D-98E7-441E-B4A9-6BC88886ADCD}"
EndProject
Project("{9A19103F-16F7-4668-BE54-9A1E7A4F7556}") = "R5T.T0151", "..\..\R5T.T0151\source\R5T.T0151\R5T.T0151.csproj", "{761B21D5-5E25-4101-9528-C4F17A35A5AA}"
EndProject
Global
	GlobalSection(NestedProjects) = preSolution
		{16E02086-5776-47CF-B552-4261BA848936} = {4221A15D-A78B-46C1-A44D-E066EA66440C}
		{5FF1F29D-98E7-441E-B4A9-6BC88886ADCD} = {4221A15D-A78B-46C1-A44D-E066EA66440C}
		{761B21D5-5E25-4101-9528-C4F17A35A5AA} = {4221A15D-A78B-46C1-A44D-E066EA66440C}
	EndGlobalSection
	GlobalSection(SolutionConfigurationPlatforms) = preSolution
		Debug|Any CPU = Debug|Any CPU
		Release|Any CPU = Release|Any CPU
	EndGlobalSection
	GlobalSection(ProjectConfigurationPlatforms) = postSolution
		{8CD71366-118D-4B18-B203-657A412D3F29}.Debug|Any CPU.ActiveCfg = Debug|Any CPU
		{8CD71366-118D-4B18-B203-657A412D3F29}.Debug|Any CPU.Build.0 = Debug|Any CPU
		{8CD71366-118D-4B18-B203-657A412D3F29}.Release|Any CPU.ActiveCfg = Release|Any CPU
		{8CD71366-118D-4B18-B203-657A412D3F29}.Release|Any CPU.Build.0 = Release|Any CPU
		{16E02086-5776-47CF-B552-4261BA848936}.Debug|Any CPU.ActiveCfg = Debug|Any CPU
		{16E02086-5776-47CF-B552-4261BA848936}.Debug|Any CPU.Build.0 = Debug|Any CPU
		{16E02086-5776-47CF-B552-4261BA848936}.Release|Any CPU.ActiveCfg = Release|Any CPU
		{16E02086-5776-47CF-B552-4261BA848936}.Release|Any CPU.Build.0 = Release|Any CPU
		{5FF1F29D-98E7-441E-B4A9-6BC88886ADCD}.Debug|Any CPU.ActiveCfg = Debug|Any CPU
		{5FF1F29D-98E7-441E-B4A9-6BC88886ADCD}.Debug|Any CPU.Build.0 = Debug|Any CPU
		{5FF1F29D-98E7-441E-B4A9-6BC88886ADCD}.Release|Any CPU.ActiveCfg = Release|Any CPU
		{5FF1F29D-98E7-441E-B4A9-6BC88886ADCD}.Release|Any CPU.Build.0 = Release|Any CPU
		{761B21D5-5E25-4101-9528-C4F17A35A5AA}.Debug|Any CPU.ActiveCfg = Debug|Any CPU
		{761B21D5-5E25-4101-9528-C4F17A35A5AA}.Debug|Any CPU.Build.0 = Debug|Any CPU
		{761B21D5-5E25-4101-9528-C4F17A35A5AA}.Release|Any CPU.ActiveCfg = Release|Any CPU
		{761B21D5-5E25-4101-9528-C4F17A35A5AA}.Release|Any CPU.Build.0 = Release|Any CPU
	EndGlobalSection
	GlobalSection(SolutionProperties) = preSolution
		HideSolutionNode = FALSE
	EndGlobalSection
	GlobalSection(ExtensibilityGlobals) = postSolution
		SolutionGuid = {97B6C462-4C43-4218-8EDB-EE86B5B1E89D}
	EndGlobalSection
EndGlobal
